// !$*UTF8*$!
{
	archiveVersion = 1;
	classes = {
	};
	objectVersion = 46;
	objects = {

/* Begin PBXBuildFile section */
		CEB4D3871C61E05A0088DB0A /* AppDelegate.swift in Sources */ = {isa = PBXBuildFile; fileRef = CEB4D3861C61E05A0088DB0A /* AppDelegate.swift */; };
		CEB4D3891C61E05A0088DB0A /* ViewController.swift in Sources */ = {isa = PBXBuildFile; fileRef = CEB4D3881C61E05A0088DB0A /* ViewController.swift */; };
		CEB4D38C1C61E05A0088DB0A /* Main.storyboard in Resources */ = {isa = PBXBuildFile; fileRef = CEB4D38A1C61E05A0088DB0A /* Main.storyboard */; };
		CEB4D38E1C61E05A0088DB0A /* Assets.xcassets in Resources */ = {isa = PBXBuildFile; fileRef = CEB4D38D1C61E05A0088DB0A /* Assets.xcassets */; };
		CEB4D3911C61E05A0088DB0A /* LaunchScreen.storyboard in Resources */ = {isa = PBXBuildFile; fileRef = CEB4D38F1C61E05A0088DB0A /* LaunchScreen.storyboard */; };
		CEB4D3991C62CAD00088DB0A /* Minecraft.ttf in Resources */ = {isa = PBXBuildFile; fileRef = CEB4D3981C62CAD00088DB0A /* Minecraft.ttf */; };
		CEB4D39B1C62D0080088DB0A /* btn.wav in Resources */ = {isa = PBXBuildFile; fileRef = CEB4D39A1C62D0080088DB0A /* btn.wav */; };
/* End PBXBuildFile section */

/* Begin PBXFileReference section */
		CEB4D3831C61E05A0088DB0A /* retro-calculator.app */ = {isa = PBXFileReference; explicitFileType = wrapper.application; includeInIndex = 0; path = "retro-calculator.app"; sourceTree = BUILT_PRODUCTS_DIR; };
		CEB4D3861C61E05A0088DB0A /* AppDelegate.swift */ = {isa = PBXFileReference; lastKnownFileType = sourcecode.swift; path = AppDelegate.swift; sourceTree = "<group>"; };
		CEB4D3881C61E05A0088DB0A /* ViewController.swift */ = {isa = PBXFileReference; lastKnownFileType = sourcecode.swift; path = ViewController.swift; sourceTree = "<group>"; };
		CEB4D38B1C61E05A0088DB0A /* Base */ = {isa = PBXFileReference; lastKnownFileType = file.storyboard; name = Base; path = Base.lproj/Main.storyboard; sourceTree = "<group>"; };
		CEB4D38D1C61E05A0088DB0A /* Assets.xcassets */ = {isa = PBXFileReference; lastKnownFileType = folder.assetcatalog; path = Assets.xcassets; sourceTree = "<group>"; };
		CEB4D3901C61E05A0088DB0A /* Base */ = {isa = PBXFileReference; lastKnownFileType = file.storyboard; name = Base; path = Base.lproj/LaunchScreen.storyboard; sourceTree = "<group>"; };
		CEB4D3921C61E05A0088DB0A /* Info.plist */ = {isa = PBXFileReference; lastKnownFileType = text.plist.xml; path = Info.plist; sourceTree = "<group>"; };
		CEB4D3981C62CAD00088DB0A /* Minecraft.ttf */ = {isa = PBXFileReference; lastKnownFileType = file; path = Minecraft.ttf; sourceTree = "<group>"; };
		CEB4D39A1C62D0080088DB0A /* btn.wav */ = {isa = PBXFileReference; lastKnownFileType = audio.wav; path = btn.wav; sourceTree = "<group>"; };
/* End PBXFileReference section */

/* Begin PBXFrameworksBuildPhase section */
		CEB4D3801C61E05A0088DB0A /* Frameworks */ = {
			isa = PBXFrameworksBuildPhase;
			buildActionMask = 2147483647;
			files = (
			);
			runOnlyForDeploymentPostprocessing = 0;
		};
/* End PBXFrameworksBuildPhase section */

/* Begin PBXGroup section */
		CEB4D37A1C61E05A0088DB0A = {
			isa = PBXGroup;
			children = (
				CEB4D3851C61E05A0088DB0A /* retro-calculator */,
				CEB4D3841C61E05A0088DB0A /* Products */,
			);
			sourceTree = "<group>";
		};
		CEB4D3841C61E05A0088DB0A /* Products */ = {
			isa = PBXGroup;
			children = (
				CEB4D3831C61E05A0088DB0A /* retro-calculator.app */,
			);
			name = Products;
			sourceTree = "<group>";
		};
		CEB4D3851C61E05A0088DB0A /* retro-calculator */ = {
			isa = PBXGroup;
			children = (
				CEB4D39A1C62D0080088DB0A /* btn.wav */,
				CEB4D3981C62CAD00088DB0A /* Minecraft.ttf */,
				CEB4D3861C61E05A0088DB0A /* AppDelegate.swift */,
				CEB4D3881C61E05A0088DB0A /* ViewController.swift */,
				CEB4D38A1C61E05A0088DB0A /* Main.storyboard */,
				CEB4D38D1C61E05A0088DB0A /* Assets.xcassets */,
				CEB4D38F1C61E05A0088DB0A /* LaunchScreen.storyboard */,
				CEB4D3921C61E05A0088DB0A /* Info.plist */,
			);
			path = "retro-calculator";
			sourceTree = "<group>";
		};
/* End PBXGroup section */

/* Begin PBXNativeTarget section */
		CEB4D3821C61E05A0088DB0A /* retro-calculator */ = {
			isa = PBXNativeTarget;
			buildConfigurationList = CEB4D3951C61E05A0088DB0A /* Build configuration list for PBXNativeTarget "retro-calculator" */;
			buildPhases = (
				CEB4D37F1C61E05A0088DB0A /* Sources */,
				CEB4D3801C61E05A0088DB0A /* Frameworks */,
				CEB4D3811C61E05A0088DB0A /* Resources */,
			);
			buildRules = (
			);
			dependencies = (
			);
			name = "retro-calculator";
			productName = "retro-calculator";
			productReference = CEB4D3831C61E05A0088DB0A /* retro-calculator.app */;
			productType = "com.apple.product-type.application";
		};
/* End PBXNativeTarget section */

/* Begin PBXProject section */
		CEB4D37B1C61E05A0088DB0A /* Project object */ = {
			isa = PBXProject;
			attributes = {
				LastSwiftUpdateCheck = 0720;
				LastUpgradeCheck = 0720;
				ORGANIZATIONNAME = "Edward Hsu";
				TargetAttributes = {
					CEB4D3821C61E05A0088DB0A = {
						CreatedOnToolsVersion = 7.2;
						DevelopmentTeam = M6284KAVTJ;
					};
				};
			};
			buildConfigurationList = CEB4D37E1C61E05A0088DB0A /* Build configuration list for PBXProject "retro-calculator" */;
			compatibilityVersion = "Xcode 3.2";
			developmentRegion = English;
			hasScannedForEncodings = 0;
			knownRegions = (
				en,
				Base,
			);
			mainGroup = CEB4D37A1C61E05A0088DB0A;
			productRefGroup = CEB4D3841C61E05A0088DB0A /* Products */;
			projectDirPath = "";
			projectRoot = "";
			targets = (
				CEB4D3821C61E05A0088DB0A /* retro-calculator */,
			);
		};
/* End PBXProject section */

/* Begin PBXResourcesBuildPhase section */
		CEB4D3811C61E05A0088DB0A /* Resources */ = {
			isa = PBXResourcesBuildPhase;
			buildActionMask = 2147483647;
			files = (
				CEB4D39B1C62D0080088DB0A /* btn.wav in Resources */,
				CEB4D3911C61E05A0088DB0A /* LaunchScreen.storyboard in Resources */,
				CEB4D38E1C61E05A0088DB0A /* Assets.xcassets in Resources */,
				CEB4D3991C62CAD00088DB0A /* Minecraft.ttf in Resources */,
				CEB4D38C1C61E05A0088DB0A /* Main.storyboard in Resources */,
			);
			runOnlyForDeploymentPostprocessing = 0;
		};
/* End PBXResourcesBuildPhase section */

/* Begin PBXSourcesBuildPhase section */
		CEB4D37F1C61E05A0088DB0A /* Sources */ = {
			isa = PBXSourcesBuildPhase;
			buildActionMask = 2147483647;
			files = (
				CEB4D3891C61E05A0088DB0A /* ViewController.swift in Sources */,
				CEB4D3871C61E05A0088DB0A /* AppDelegate.swift in Sources */,
			);
			runOnlyForDeploymentPostprocessing = 0;
		};
/* End PBXSourcesBuildPhase section */

/* Begin PBXVariantGroup section */
		CEB4D38A1C61E05A0088DB0A /* Main.storyboard */ = {
			isa = PBXVariantGroup;
			children = (
				CEB4D38B1C61E05A0088DB0A /* Base */,
			);
			name = Main.storyboard;
			sourceTree = "<group>";
		};
		CEB4D38F1C61E05A0088DB0A /* LaunchScreen.storyboard */ = {
			isa = PBXVariantGroup;
			children = (
				CEB4D3901C61E05A0088DB0A /* Base */,
			);
			name = LaunchScreen.storyboard;
			sourceTree = "<group>";
		};
/* End PBXVariantGroup section */

/* Begin XCBuildConfiguration section */
		CEB4D3931C61E05A0088DB0A /* Debug */ = {
			isa = XCBuildConfiguration;
			buildSettings = {
				ALWAYS_SEARCH_USER_PATHS = NO;
				CLANG_CXX_LANGUAGE_STANDARD = "gnu++0x";
				CLANG_CXX_LIBRARY = "libc++";
				CLANG_ENABLE_MODULES = YES;
				CLANG_ENABLE_OBJC_ARC = YES;
				CLANG_WARN_BOOL_CONVERSION = YES;
				CLANG_WARN_CONSTANT_CONVERSION = YES;
				CLANG_WARN_DIRECT_OBJC_ISA_USAGE = YES_ERROR;
				CLANG_WARN_EMPTY_BODY = YES;
				CLANG_WARN_ENUM_CONVERSION = YES;
				CLANG_WARN_INT_CONVERSION = YES;
				CLANG_WARN_OBJC_ROOT_CLASS = YES_ERROR;
				CLANG_WARN_UNREACHABLE_CODE = YES;
				CLANG_WARN__DUPLICATE_METHOD_MATCH = YES;
				"CODE_SIGN_IDENTITY[sdk=iphoneos*]" = "iPhone Developer";
				COPY_PHASE_STRIP = NO;
				DEBUG_INFORMATION_FORMAT = dwarf;
				ENABLE_STRICT_OBJC_MSGSEND = YES;
				ENABLE_TESTABILITY = YES;
				GCC_C_LANGUAGE_STANDARD = gnu99;
				GCC_DYNAMIC_NO_PIC = NO;
				GCC_NO_COMMON_BLOCKS = YES;
				GCC_OPTIMIZATION_LEVEL = 0;
				GCC_PREPROCESSOR_DEFINITIONS = (
					"DEBUG=1",
					"$(inherited)",
				);
				GCC_WARN_64_TO_32_BIT_CONVERSION = YES;
				GCC_WARN_ABOUT_RETURN_TYPE = YES_ERROR;
				GCC_WARN_UNDECLARED_SELECTOR = YES;
				GCC_WARN_UNINITIALIZED_AUTOS = YES_AGGRESSIVE;
				GCC_WARN_UNUSED_FUNCTION = YES;
				GCC_WARN_UNUSED_VARIABLE = YES;
				IPHONEOS_DEPLOYMENT_TARGET = 9.2;
				MTL_ENABLE_DEBUG_INFO = YES;
				ONLY_ACTIVE_ARCH = YES;
				SDKROOT = iphoneos;
				SWIFT_OPTIMIZATION_LEVEL = "-Onone";
				TARGETED_DEVICE_FAMILY = "1,2";
			};
			name = Debug;
		};
		CEB4D3941C61E05A0088DB0A /* Release */ = {
			isa = XCBuildConfiguration;
			buildSettings = {
				ALWAYS_SEARCH_USER_PATHS = NO;
				CLANG_CXX_LANGUAGE_STANDARD = "gnu++0x";
				CLANG_CXX_LIBRARY = "libc++";
				CLANG_ENABLE_MODULES = YES;
				CLANG_ENABLE_OBJC_ARC = YES;
				CLANG_WARN_BOOL_CONVERSION = YES;
				CLANG_WARN_CONSTANT_CONVERSION = YES;
				CLANG_WARN_DIRECT_OBJC_ISA_USAGE = YES_ERROR;
				CLANG_WARN_EMPTY_BODY = YES;
				CLANG_WARN_ENUM_CONVERSION = YES;
				CLANG_WARN_INT_CONVERSION = YES;
				CLANG_WARN_OBJC_ROOT_CLASS = YES_ERROR;
				CLANG_WARN_UNREACHABLE_CODE = YES;
				CLANG_WARN__DUPLICATE_METHOD_MATCH = YES;
				"CODE_SIGN_IDENTITY[sdk=iphoneos*]" = "iPhone Developer";
				COPY_PHASE_STRIP = NO;
				DEBUG_INFORMATION_FORMAT = "dwarf-with-dsym";
				ENABLE_NS_ASSERTIONS = NO;
				ENABLE_STRICT_OBJC_MSGSEND = YES;
				GCC_C_LANGUAGE_STANDARD = gnu99;
				GCC_NO_COMMON_BLOCKS = YES;
				GCC_WARN_64_TO_32_BIT_CONVERSION = YES;
				GCC_WARN_ABOUT_RETURN_TYPE = YES_ERROR;
				GCC_WARN_UNDECLARED_SELECTOR = YES;
				GCC_WARN_UNINITIALIZED_AUTOS = YES_AGGRESSIVE;
				GCC_WARN_UNUSED_FUNCTION = YES;
				GCC_WARN_UNUSED_VARIABLE = YES;
				IPHONEOS_DEPLOYMENT_TARGET = 9.2;
				MTL_ENABLE_DEBUG_INFO = NO;
				SDKROOT = iphoneos;
				TARGETED_DEVICE_FAMILY = "1,2";
				VALIDATE_PRODUCT = YES;
			};
			name = Release;
		};
		CEB4D3961C61E05A0088DB0A /* Debug */ = {
			isa = XCBuildConfiguration;
			buildSettings = {
				ASSETCATALOG_COMPILER_APPICON_NAME = AppIcon;
				CODE_SIGN_IDENTITY = "iPhone Developer";
				INFOPLIST_FILE = "retro-calculator/Info.plist";
				LD_RUNPATH_SEARCH_PATHS = "$(inherited) @executable_path/Frameworks";
				PRODUCT_BUNDLE_IDENTIFIER = "projects.edihsu.retro-calculator";
				PRODUCT_NAME = "$(TARGET_NAME)";
			};
			name = Debug;
		};
		CEB4D3971C61E05A0088DB0A /* Release */ = {
			isa = XCBuildConfiguration;
			buildSettings = {
				ASSETCATALOG_COMPILER_APPICON_NAME = AppIcon;
				CODE_SIGN_IDENTITY = "iPhone Developer";
				INFOPLIST_FILE = "retro-calculator/Info.plist";
				LD_RUNPATH_SEARCH_PATHS = "$(inherited) @executable_path/Frameworks";
				PRODUCT_BUNDLE_IDENTIFIER = "projects.edihsu.retro-calculator";
				PRODUCT_NAME = "$(TARGET_NAME)";
			};
			name = Release;
		};
/* End XCBuildConfiguration section */

/* Begin XCConfigurationList section */
		CEB4D37E1C61E05A0088DB0A /* Build configuration list for PBXProject "retro-calculator" */ = {
			isa = XCConfigurationList;
			buildConfigurations = (
				CEB4D3931C61E05A0088DB0A /* Debug */,
				CEB4D3941C61E05A0088DB0A /* Release */,
			);
			defaultConfigurationIsVisible = 0;
			defaultConfigurationName = Release;
		};
		CEB4D3951C61E05A0088DB0A /* Build configuration list for PBXNativeTarget "retro-calculator" */ = {
			isa = XCConfigurationList;
			buildConfigurations = (
				CEB4D3961C61E05A0088DB0A /* Debug */,
				CEB4D3971C61E05A0088DB0A /* Release */,
			);
			defaultConfigurationIsVisible = 0;
		};
/* End XCConfigurationList section */
	};
	rootObject = CEB4D37B1C61E05A0088DB0A /* Project object */;
}
